
Microsoft Visual Studio Solution File, Format Version 12.00
# Visual Studio Version 16
VisualStudioVersion = 16.0.29306.81
MinimumVisualStudioVersion = 10.0.40219.1
Project("{FAE04EC0-301F-11D3-BF4B-00C04F79EFBC}") = "Ex 2A", "Ex 2A\Ex 2A.csproj", "{599EA5B1-F890-4E33-BAD6-A29741DC425F}"
EndProject
Global
	GlobalSection(SolutionConfigurationPlatforms) = preSolution
		Debug|Any CPU = Debug|Any CPU
		Release|Any CPU = Release|Any CPU
	EndGlobalSection
	GlobalSection(ProjectConfigurationPlatforms) = postSolution
		{599EA5B1-F890-4E33-BAD6-A29741DC425F}.Debug|Any CPU.ActiveCfg = Debug|Any CPU
		{599EA5B1-F890-4E33-BAD6-A29741DC425F}.Debug|Any CPU.Build.0 = Debug|Any CPU
		{599EA5B1-F890-4E33-BAD6-A29741DC425F}.Release|Any CPU.ActiveCfg = Release|Any CPU
		{599EA5B1-F890-4E33-BAD6-A29741DC425F}.Release|Any CPU.Build.0 = Release|Any CPU
	EndGlobalSection
	GlobalSection(SolutionProperties) = preSolution
		HideSolutionNode = FALSE
	EndGlobalSection
	GlobalSection(ExtensibilityGlobals) = postSolution
		SolutionGuid = {80BEB4F2-41AE-43F8-A520-92C039CC6E4F}
	EndGlobalSection
EndGlobal
